
Microsoft Visual Studio Solution File, Format Version 12.00
# Visual Studio Version 17
VisualStudioVersion = 17.8.34408.163
MinimumVisualStudioVersion = 10.0.40219.1
Project("{FAE04EC0-301F-11D3-BF4B-00C04F79EFBC}") = "Array Problem 1", "Array Problem 1\Array Problem 1.csproj", "{95555A77-080A-4449-B176-509483795E38}"
EndProject
Global
	GlobalSection(SolutionConfigurationPlatforms) = preSolution
		Debug|Any CPU = Debug|Any CPU
		Release|Any CPU = Release|Any CPU
	EndGlobalSection
	GlobalSection(ProjectConfigurationPlatforms) = postSolution
		{95555A77-080A-4449-B176-509483795E38}.Debug|Any CPU.ActiveCfg = Debug|Any CPU
		{95555A77-080A-4449-B176-509483795E38}.Debug|Any CPU.Build.0 = Debug|Any CPU
		{95555A77-080A-4449-B176-509483795E38}.Release|Any CPU.ActiveCfg = Release|Any CPU
		{95555A77-080A-4449-B176-509483795E38}.Release|Any CPU.Build.0 = Release|Any CPU
	EndGlobalSection
	GlobalSection(SolutionProperties) = preSolution
		HideSolutionNode = FALSE
	EndGlobalSection
	GlobalSection(ExtensibilityGlobals) = postSolution
		SolutionGuid = {D509BE3A-38E6-4114-AE40-993B54AE97CA}
	EndGlobalSection
EndGlobal
